
Microsoft Visual Studio Solution File, Format Version 12.00
# Visual Studio Version 17
VisualStudioVersion = 17.0.31903.59
MinimumVisualStudioVersion = 10.0.40219.1
Project("{9A19103F-16F7-4668-BE54-9A1E7A4F7556}") = "Server.API", "Server.API\Server.API.csproj", "{4C54F744-0421-4859-8C1B-C256D680B53C}"
EndProject
Project("{FAE04EC0-301F-11D3-BF4B-00C04F79EFBC}") = "Server.Application", "Server.Application\Server.Application.csproj", "{B1C4A4C2-5F1A-42C9-8E87-064959129FC7}"
EndProject
Global
	GlobalSection(SolutionConfigurationPlatforms) = preSolution
		Debug|Any CPU = Debug|Any CPU
		Release|Any CPU = Release|Any CPU
	EndGlobalSection
	GlobalSection(ProjectConfigurationPlatforms) = postSolution
		{4C54F744-0421-4859-8C1B-C256D680B53C}.Debug|Any CPU.ActiveCfg = Debug|Any CPU
		{4C54F744-0421-4859-8C1B-C256D680B53C}.Debug|Any CPU.Build.0 = Debug|Any CPU
		{4C54F744-0421-4859-8C1B-C256D680B53C}.Release|Any CPU.ActiveCfg = Release|Any CPU
		{4C54F744-0421-4859-8C1B-C256D680B53C}.Release|Any CPU.Build.0 = Release|Any CPU
		{B1C4A4C2-5F1A-42C9-8E87-064959129FC7}.Debug|Any CPU.ActiveCfg = Debug|Any CPU
		{B1C4A4C2-5F1A-42C9-8E87-064959129FC7}.Debug|Any CPU.Build.0 = Debug|Any CPU
		{B1C4A4C2-5F1A-42C9-8E87-064959129FC7}.Release|Any CPU.ActiveCfg = Release|Any CPU
		{B1C4A4C2-5F1A-42C9-8E87-064959129FC7}.Release|Any CPU.Build.0 = Release|Any CPU
	EndGlobalSection
	GlobalSection(SolutionProperties) = preSolution
		HideSolutionNode = FALSE
	EndGlobalSection
	GlobalSection(ExtensibilityGlobals) = postSolution
		SolutionGuid = {446C8F5E-BAA6-4CA8-BC82-6CDA59050652}
	EndGlobalSection
EndGlobal
